{
  "name": "typescript",
  "version": "1.0.0",
  "lockfileVersion": 2,
  "requires": true,
  "packages": {
    "": {
      "name": "typescript",
      "version": "1.0.0",
      "license": "MPL-2.0",
      "dependencies": {
        "cdktf": "^0.21.0",
        "constructs": "^3.3.75"
      },
      "devDependencies": {
        "@types/node": "^15.6.1",
        "typescript": "^4.3.2"
      },
      "engines": {
        "node": ">=10.12"
      }
    },
    "node_modules/@types/node": {
      "version": "15.6.1",
      "resolved": "https://registry.npmjs.org/@types/node/-/node-15.6.1.tgz",
      "integrity": "sha512-7EIraBEyRHEe7CH+Fm1XvgqU6uwZN8Q7jppJGcqjROMT29qhAuuOxYB1uEY5UMYQKEmA5D+5tBnhdaPXSsLONA==",
      "dev": true
    },
    "node_modules/cdktf": {
      "version": "0.21.0",
      "resolved": "https://registry.npmjs.org/cdktf/-/cdktf-0.21.0.tgz",
      "integrity": "sha512-bdTOOyrFSXw0p5d7/3dye7ZWYzrUatyMjWEAAwTGoqghjygRj6Q55y1QZnSB021NRDzYZ3BhFGsOkpmIjQMzNQ==",
      "bundleDependencies": [
        "archiver",
        "json-stable-stringify",
        "semver"
      ],
      "license": "MPL-2.0",
      "dependencies": {
        "archiver": "7.0.1",
        "json-stable-stringify": "1.3.0",
        "semver": "7.7.2"
      },
      "peerDependencies": {
        "constructs": "^10.4.2"
      }
    },
    "node_modules/constructs": {
      "version": "3.3.75",
      "resolved": "https://registry.npmjs.org/constructs/-/constructs-3.3.75.tgz",
      "integrity": "sha512-q10foASSSfDWmS99OQLfnWDXCzqLvoORISAVWPFg0AmIGlBv2ZdDOtXxLqrJARPxVlOldmW2JzWzdRI+4+0/ZA==",
      "engines": {
        "node": ">= 10.17.0"
      }
    },
    "node_modules/typescript": {
      "version": "4.3.2",
      "resolved": "https://registry.npmjs.org/typescript/-/typescript-4.3.2.tgz",
      "integrity": "sha512-zZ4hShnmnoVnAHpVHWpTcxdv7dWP60S2FsydQLV8V5PbS3FifjWFFRiHSWpDJahly88PRyV5teTSLoq4eG7mKw==",
      "dev": true,
      "bin": {
        "tsc": "bin/tsc",
        "tsserver": "bin/tsserver"
      },
      "engines": {
        "node": ">=4.2.0"
      }
    }
  },
  "dependencies": {
    "@types/node": {
      "version": "15.6.1",
      "resolved": "https://registry.npmjs.org/@types/node/-/node-15.6.1.tgz",
      "integrity": "sha512-7EIraBEyRHEe7CH+Fm1XvgqU6uwZN8Q7jppJGcqjROMT29qhAuuOxYB1uEY5UMYQKEmA5D+5tBnhdaPXSsLONA==",
      "dev": true
    },
    "cdktf": {
      "version": "0.21.0",
      "resolved": "https://registry.npmjs.org/cdktf/-/cdktf-0.21.0.tgz",
      "integrity": "sha512-bdTOOyrFSXw0p5d7/3dye7ZWYzrUatyMjWEAAwTGoqghjygRj6Q55y1QZnSB021NRDzYZ3BhFGsOkpmIjQMzNQ==",
      "requires": {
        "archiver": "7.0.1",
        "json-stable-stringify": "1.3.0",
        "semver": "7.7.2"
      }
    },
    "constructs": {
      "version": "3.3.75",
      "resolved": "https://registry.npmjs.org/constructs/-/constructs-3.3.75.tgz",
      "integrity": "sha512-q10foASSSfDWmS99OQLfnWDXCzqLvoORISAVWPFg0AmIGlBv2ZdDOtXxLqrJARPxVlOldmW2JzWzdRI+4+0/ZA=="
    },
    "typescript": {
      "version": "4.3.2",
      "resolved": "https://registry.npmjs.org/typescript/-/typescript-4.3.2.tgz",
      "integrity": "sha512-zZ4hShnmnoVnAHpVHWpTcxdv7dWP60S2FsydQLV8V5PbS3FifjWFFRiHSWpDJahly88PRyV5teTSLoq4eG7mKw==",
      "dev": true
    }
  }
}
